{
  "object": {
    "pins": [
      {
        "package": "DifferenceKit",
        "repositoryURL": "https://github.com/ra1028/DifferenceKit.git",
        "state": {
          "branch": null,
          "revision": "14c66681e12a38b81045f44c6c29724a0d4b0e72",
          "version": "1.1.5"
        }
      },
      {
        "package": "SQDifferenceKit",
        "repositoryURL": "https://github.com/sequenia/SQDifferenceKit.git",
        "state": {
          "branch": null,
          "revision": "a7ca51f5e5913fe7ddef3edeb5c79b9851024f7a",
          "version": "0.2.2"
        }
      },
      {
        "package": "SwiftyJSON",
        "repositoryURL": "https://github.com/SwiftyJSON/SwiftyJSON.git",
        "state": {
          "branch": null,
          "revision": "b3dcd7dbd0d488e1a7077cb33b00f2083e382f07",
          "version": "5.0.1"
        }
      }
    ]
  },
  "version": 1
}
