{
  "pins" : [
    {
      "identity" : "anyformatkit",
      "kind" : "remoteSourceControl",
      "location" : "https://github.com/luximetr/AnyFormatKit.git",
      "state" : {
        "revision" : "ae3a965164005b07f81d6aa066520d7ad14ea54e",
        "version" : "2.5.2"
      }
    },
    {
      "identity" : "kingfisher",
      "kind" : "remoteSourceControl",
      "location" : "https://github.com/onevcat/Kingfisher.git",
      "state" : {
        "revision" : "8648fe649c5d62be38721110f835821906e9242a",
        "version" : "8.13.0"
      }
    },
    {
      "identity" : "snapkit",
      "kind" : "remoteSourceControl",
      "location" : "https://github.com/SnapKit/SnapKit.git",
      "state" : {
        "revision" : "e27a338a03a5f388de759da63f9baf7988ed9e00",
        "version" : "6.0.0"
      }
    },
    {
      "identity" : "swiftyjson",
      "kind" : "remoteSourceControl",
      "location" : "https://github.com/SwiftyJSON/SwiftyJSON.git",
      "state" : {
        "revision" : "af76cf3ef710b6ca5f8c05f3a31307d44a3c5828",
        "version" : "5.0.2"
      }
    }
  ],
  "version" : 2
}
